// !$*UTF8*$!
{
	archiveVersion = 1;
	classes = {
	};
	objectVersion = 46;
	objects = {

/* Begin PBXBuildFile section */
		D8D472B01DF074EF00F1BA47 /* main.cpp in Sources */ = {isa = PBXBuildFile; fileRef = D8D472AF1DF074EF00F1BA47 /* main.cpp */; };
		D8D472BA1DF0750D00F1BA47 /* BarcodeObject.cpp in Sources */ = {isa = PBXBuildFile; fileRef = D8D472B61DF0750D00F1BA47 /* BarcodeObject.cpp */; };
		D8D472BB1DF0750D00F1BA47 /* CodeReader.cpp in Sources */ = {isa = PBXBuildFile; fileRef = D8D472B81DF0750D00F1BA47 /* CodeReader.cpp */; };
/* End PBXBuildFile section */

/* Begin PBXCopyFilesBuildPhase section */
		D8D472AA1DF074EF00F1BA47 /* CopyFiles */ = {
			isa = PBXCopyFilesBuildPhase;
			buildActionMask = 2147483647;
			dstPath = /usr/share/man/man1/;
			dstSubfolderSpec = 0;
			files = (
			);
			runOnlyForDeploymentPostprocessing = 1;
		};
/* End PBXCopyFilesBuildPhase section */

/* Begin PBXFileReference section */
		D8D472AC1DF074EF00F1BA47 /* zbar-qr-decoder */ = {isa = PBXFileReference; explicitFileType = "compiled.mach-o.executable"; includeInIndex = 0; path = "zbar-qr-decoder"; sourceTree = BUILT_PRODUCTS_DIR; };
		D8D472AF1DF074EF00F1BA47 /* main.cpp */ = {isa = PBXFileReference; lastKnownFileType = sourcecode.cpp.cpp; path = main.cpp; sourceTree = "<group>"; };
		D8D472B61DF0750D00F1BA47 /* BarcodeObject.cpp */ = {isa = PBXFileReference; fileEncoding = 4; lastKnownFileType = sourcecode.cpp.cpp; path = BarcodeObject.cpp; sourceTree = "<group>"; };
		D8D472B71DF0750D00F1BA47 /* BarcodeObject.hpp */ = {isa = PBXFileReference; fileEncoding = 4; lastKnownFileType = sourcecode.cpp.h; path = BarcodeObject.hpp; sourceTree = "<group>"; };
		D8D472B81DF0750D00F1BA47 /* CodeReader.cpp */ = {isa = PBXFileReference; fileEncoding = 4; lastKnownFileType = sourcecode.cpp.cpp; path = CodeReader.cpp; sourceTree = "<group>"; };
		D8D472B91DF0750D00F1BA47 /* CodeReader.hpp */ = {isa = PBXFileReference; fileEncoding = 4; lastKnownFileType = sourcecode.cpp.h; path = CodeReader.hpp; sourceTree = "<group>"; };
/* End PBXFileReference section */

/* Begin PBXFrameworksBuildPhase section */
		D8D472A91DF074EF00F1BA47 /* Frameworks */ = {
			isa = PBXFrameworksBuildPhase;
			buildActionMask = 2147483647;
			files = (
			);
			runOnlyForDeploymentPostprocessing = 0;
		};
/* End PBXFrameworksBuildPhase section */

/* Begin PBXGroup section */
		D8D472A31DF074EF00F1BA47 = {
			isa = PBXGroup;
			children = (
				D8D472AE1DF074EF00F1BA47 /* zbar-qr-decoder */,
				D8D472AD1DF074EF00F1BA47 /* Products */,
			);
			sourceTree = "<group>";
		};
		D8D472AD1DF074EF00F1BA47 /* Products */ = {
			isa = PBXGroup;
			children = (
				D8D472AC1DF074EF00F1BA47 /* zbar-qr-decoder */,
			);
			name = Products;
			sourceTree = "<group>";
		};
		D8D472AE1DF074EF00F1BA47 /* zbar-qr-decoder */ = {
			isa = PBXGroup;
			children = (
				D8D472BC1DF0757F00F1BA47 /* BarcodeObject */,
				D8D472BD1DF0759400F1BA47 /* CodeReader */,
				D8D472AF1DF074EF00F1BA47 /* main.cpp */,
			);
			path = "zbar-qr-decoder";
			sourceTree = "<group>";
		};
		D8D472BC1DF0757F00F1BA47 /* BarcodeObject */ = {
			isa = PBXGroup;
			children = (
				D8D472B61DF0750D00F1BA47 /* BarcodeObject.cpp */,
				D8D472B71DF0750D00F1BA47 /* BarcodeObject.hpp */,
			);
			name = BarcodeObject;
			sourceTree = "<group>";
		};
		D8D472BD1DF0759400F1BA47 /* CodeReader */ = {
			isa = PBXGroup;
			children = (
				D8D472B81DF0750D00F1BA47 /* CodeReader.cpp */,
				D8D472B91DF0750D00F1BA47 /* CodeReader.hpp */,
			);
			name = CodeReader;
			sourceTree = "<group>";
		};
/* End PBXGroup section */

/* Begin PBXNativeTarget section */
		D8D472AB1DF074EF00F1BA47 /* zbar-qr-decoder */ = {
			isa = PBXNativeTarget;
			buildConfigurationList = D8D472B31DF074EF00F1BA47 /* Build configuration list for PBXNativeTarget "zbar-qr-decoder" */;
			buildPhases = (
				D8D472A81DF074EF00F1BA47 /* Sources */,
				D8D472A91DF074EF00F1BA47 /* Frameworks */,
				D8D472AA1DF074EF00F1BA47 /* CopyFiles */,
			);
			buildRules = (
			);
			dependencies = (
			);
			name = "zbar-qr-decoder";
			productName = "zbar-qr-decoder";
			productReference = D8D472AC1DF074EF00F1BA47 /* zbar-qr-decoder */;
			productType = "com.apple.product-type.tool";
		};
/* End PBXNativeTarget section */

/* Begin PBXProject section */
		D8D472A41DF074EF00F1BA47 /* Project object */ = {
			isa = PBXProject;
			attributes = {
				LastUpgradeCheck = 0800;
				ORGANIZATIONNAME = joemcalister;
				TargetAttributes = {
					D8D472AB1DF074EF00F1BA47 = {
						CreatedOnToolsVersion = 8.0;
						DevelopmentTeam = 9KCQBQHB3F;
						ProvisioningStyle = Automatic;
					};
				};
			};
			buildConfigurationList = D8D472A71DF074EF00F1BA47 /* Build configuration list for PBXProject "zbar-qr-decoder" */;
			compatibilityVersion = "Xcode 3.2";
			developmentRegion = English;
			hasScannedForEncodings = 0;
			knownRegions = (
				en,
			);
			mainGroup = D8D472A31DF074EF00F1BA47;
			productRefGroup = D8D472AD1DF074EF00F1BA47 /* Products */;
			projectDirPath = "";
			projectRoot = "";
			targets = (
				D8D472AB1DF074EF00F1BA47 /* zbar-qr-decoder */,
			);
		};
/* End PBXProject section */

/* Begin PBXSourcesBuildPhase section */
		D8D472A81DF074EF00F1BA47 /* Sources */ = {
			isa = PBXSourcesBuildPhase;
			buildActionMask = 2147483647;
			files = (
				D8D472B01DF074EF00F1BA47 /* main.cpp in Sources */,
				D8D472BB1DF0750D00F1BA47 /* CodeReader.cpp in Sources */,
				D8D472BA1DF0750D00F1BA47 /* BarcodeObject.cpp in Sources */,
			);
			runOnlyForDeploymentPostprocessing = 0;
		};
/* End PBXSourcesBuildPhase section */

/* Begin XCBuildConfiguration section */
		D8D472B11DF074EF00F1BA47 /* Debug */ = {
			isa = XCBuildConfiguration;
			buildSettings = {
				ALWAYS_SEARCH_USER_PATHS = NO;
				CLANG_ANALYZER_NONNULL = YES;
				CLANG_CXX_LANGUAGE_STANDARD = "gnu++0x";
				CLANG_CXX_LIBRARY = "libc++";
				CLANG_ENABLE_MODULES = YES;
				CLANG_ENABLE_OBJC_ARC = YES;
				CLANG_WARN_BOOL_CONVERSION = YES;
				CLANG_WARN_CONSTANT_CONVERSION = YES;
				CLANG_WARN_DIRECT_OBJC_ISA_USAGE = YES_ERROR;
				CLANG_WARN_DOCUMENTATION_COMMENTS = YES;
				CLANG_WARN_EMPTY_BODY = YES;
				CLANG_WARN_ENUM_CONVERSION = YES;
				CLANG_WARN_INFINITE_RECURSION = YES;
				CLANG_WARN_INT_CONVERSION = YES;
				CLANG_WARN_OBJC_ROOT_CLASS = YES_ERROR;
				CLANG_WARN_SUSPICIOUS_MOVES = YES;
				CLANG_WARN_UNREACHABLE_CODE = YES;
				CLANG_WARN__DUPLICATE_METHOD_MATCH = YES;
				CODE_SIGN_IDENTITY = "-";
				COPY_PHASE_STRIP = NO;
				DEBUG_INFORMATION_FORMAT = dwarf;
				ENABLE_STRICT_OBJC_MSGSEND = YES;
				ENABLE_TESTABILITY = YES;
				GCC_C_LANGUAGE_STANDARD = gnu99;
				GCC_DYNAMIC_NO_PIC = NO;
				GCC_NO_COMMON_BLOCKS = YES;
				GCC_OPTIMIZATION_LEVEL = 0;
				GCC_PREPROCESSOR_DEFINITIONS = (
					"DEBUG=1",
					"$(inherited)",
				);
				GCC_WARN_64_TO_32_BIT_CONVERSION = YES;
				GCC_WARN_ABOUT_RETURN_TYPE = YES_ERROR;
				GCC_WARN_UNDECLARED_SELECTOR = YES;
				GCC_WARN_UNINITIALIZED_AUTOS = YES_AGGRESSIVE;
				GCC_WARN_UNUSED_FUNCTION = YES;
				GCC_WARN_UNUSED_VARIABLE = YES;
				MACOSX_DEPLOYMENT_TARGET = 10.11;
				MTL_ENABLE_DEBUG_INFO = YES;
				ONLY_ACTIVE_ARCH = YES;
				SDKROOT = macosx;
			};
			name = Debug;
		};
		D8D472B21DF074EF00F1BA47 /* Release */ = {
			isa = XCBuildConfiguration;
			buildSettings = {
				ALWAYS_SEARCH_USER_PATHS = NO;
				CLANG_ANALYZER_NONNULL = YES;
				CLANG_CXX_LANGUAGE_STANDARD = "gnu++0x";
				CLANG_CXX_LIBRARY = "libc++";
				CLANG_ENABLE_MODULES = YES;
				CLANG_ENABLE_OBJC_ARC = YES;
				CLANG_WARN_BOOL_CONVERSION = YES;
				CLANG_WARN_CONSTANT_CONVERSION = YES;
				CLANG_WARN_DIRECT_OBJC_ISA_USAGE = YES_ERROR;
				CLANG_WARN_DOCUMENTATION_COMMENTS = YES;
				CLANG_WARN_EMPTY_BODY = YES;
				CLANG_WARN_ENUM_CONVERSION = YES;
				CLANG_WARN_INFINITE_RECURSION = YES;
				CLANG_WARN_INT_CONVERSION = YES;
				CLANG_WARN_OBJC_ROOT_CLASS = YES_ERROR;
				CLANG_WARN_SUSPICIOUS_MOVES = YES;
				CLANG_WARN_UNREACHABLE_CODE = YES;
				CLANG_WARN__DUPLICATE_METHOD_MATCH = YES;
				CODE_SIGN_IDENTITY = "-";
				COPY_PHASE_STRIP = NO;
				DEBUG_INFORMATION_FORMAT = "dwarf-with-dsym";
				ENABLE_NS_ASSERTIONS = NO;
				ENABLE_STRICT_OBJC_MSGSEND = YES;
				GCC_C_LANGUAGE_STANDARD = gnu99;
				GCC_NO_COMMON_BLOCKS = YES;
				GCC_WARN_64_TO_32_BIT_CONVERSION = YES;
				GCC_WARN_ABOUT_RETURN_TYPE = YES_ERROR;
				GCC_WARN_UNDECLARED_SELECTOR = YES;
				GCC_WARN_UNINITIALIZED_AUTOS = YES_AGGRESSIVE;
				GCC_WARN_UNUSED_FUNCTION = YES;
				GCC_WARN_UNUSED_VARIABLE = YES;
				MACOSX_DEPLOYMENT_TARGET = 10.11;
				MTL_ENABLE_DEBUG_INFO = NO;
				SDKROOT = macosx;
			};
			name = Release;
		};
		D8D472B41DF074EF00F1BA47 /* Debug */ = {
			isa = XCBuildConfiguration;
			buildSettings = {
				DEVELOPMENT_TEAM = 9KCQBQHB3F;
				HEADER_SEARCH_PATHS = /usr/local/include;
				LIBRARY_SEARCH_PATHS = /usr/local/lib;
				OTHER_LDFLAGS = (
					"-lopencv_core",
					"-lopencv_highgui",
					"-lopencv_imgproc",
					"-lopencv_videoio",
					"-lzbar",
				);
				PRODUCT_NAME = "$(TARGET_NAME)";
			};
			name = Debug;
		};
		D8D472B51DF074EF00F1BA47 /* Release */ = {
			isa = XCBuildConfiguration;
			buildSettings = {
				DEVELOPMENT_TEAM = 9KCQBQHB3F;
				HEADER_SEARCH_PATHS = /usr/local/include;
				LIBRARY_SEARCH_PATHS = /usr/local/lib;
				OTHER_LDFLAGS = (
					"-lopencv_core",
					"-lopencv_highgui",
					"-lopencv_imgproc",
					"-lopencv_videoio",
					"-lzbar",
				);
				PRODUCT_NAME = "$(TARGET_NAME)";
			};
			name = Release;
		};
/* End XCBuildConfiguration section */

/* Begin XCConfigurationList section */
		D8D472A71DF074EF00F1BA47 /* Build configuration list for PBXProject "zbar-qr-decoder" */ = {
			isa = XCConfigurationList;
			buildConfigurations = (
				D8D472B11DF074EF00F1BA47 /* Debug */,
				D8D472B21DF074EF00F1BA47 /* Release */,
			);
			defaultConfigurationIsVisible = 0;
			defaultConfigurationName = Release;
		};
		D8D472B31DF074EF00F1BA47 /* Build configuration list for PBXNativeTarget "zbar-qr-decoder" */ = {
			isa = XCConfigurationList;
			buildConfigurations = (
				D8D472B41DF074EF00F1BA47 /* Debug */,
				D8D472B51DF074EF00F1BA47 /* Release */,
			);
			defaultConfigurationIsVisible = 0;
		};
/* End XCConfigurationList section */
	};
	rootObject = D8D472A41DF074EF00F1BA47 /* Project object */;
}
